
Microsoft Visual Studio Solution File, Format Version 12.00
# Visual Studio 14
VisualStudioVersion = 14.0.25420.1
MinimumVisualStudioVersion = 10.0.40219.1
Project("{FAE04EC0-301F-11D3-BF4B-00C04F79EFBC}") = "redfoodie", "redfoodie\redfoodie.csproj", "{F8E657C6-5E9F-4ACB-BA1A-93089F5561C8}"
EndProject
Project("{FAE04EC0-301F-11D3-BF4B-00C04F79EFBC}") = "redfoodie.Tests", "redfoodie.Tests\redfoodie.Tests.csproj", "{3D98DD74-1503-47D7-8077-6E842EA11189}"
EndProject
Project("{FAE04EC0-301F-11D3-BF4B-00C04F79EFBC}") = "commons", "commons\commons.csproj", "{48E42F6D-B7C2-4165-9A27-EAEBF5E9E58D}"
EndProject
Global
	GlobalSection(SolutionConfigurationPlatforms) = preSolution
		Debug|Any CPU = Debug|Any CPU
		Release|Any CPU = Release|Any CPU
	EndGlobalSection
	GlobalSection(ProjectConfigurationPlatforms) = postSolution
		{F8E657C6-5E9F-4ACB-BA1A-93089F5561C8}.Debug|Any CPU.ActiveCfg = Debug|Any CPU
		{F8E657C6-5E9F-4ACB-BA1A-93089F5561C8}.Debug|Any CPU.Build.0 = Debug|Any CPU
		{F8E657C6-5E9F-4ACB-BA1A-93089F5561C8}.Release|Any CPU.ActiveCfg = Release|Any CPU
		{F8E657C6-5E9F-4ACB-BA1A-93089F5561C8}.Release|Any CPU.Build.0 = Release|Any CPU
		{3D98DD74-1503-47D7-8077-6E842EA11189}.Debug|Any CPU.ActiveCfg = Debug|Any CPU
		{3D98DD74-1503-47D7-8077-6E842EA11189}.Debug|Any CPU.Build.0 = Debug|Any CPU
		{3D98DD74-1503-47D7-8077-6E842EA11189}.Release|Any CPU.ActiveCfg = Release|Any CPU
		{3D98DD74-1503-47D7-8077-6E842EA11189}.Release|Any CPU.Build.0 = Release|Any CPU
		{48E42F6D-B7C2-4165-9A27-EAEBF5E9E58D}.Debug|Any CPU.ActiveCfg = Debug|Any CPU
		{48E42F6D-B7C2-4165-9A27-EAEBF5E9E58D}.Debug|Any CPU.Build.0 = Debug|Any CPU
		{48E42F6D-B7C2-4165-9A27-EAEBF5E9E58D}.Release|Any CPU.ActiveCfg = Release|Any CPU
		{48E42F6D-B7C2-4165-9A27-EAEBF5E9E58D}.Release|Any CPU.Build.0 = Release|Any CPU
	EndGlobalSection
	GlobalSection(SolutionProperties) = preSolution
		HideSolutionNode = FALSE
	EndGlobalSection
EndGlobal
